
Microsoft Visual Studio Solution File, Format Version 12.00
# Visual Studio Version 17
VisualStudioVersion = 17.11.35303.130
MinimumVisualStudioVersion = 10.0.40219.1
Project("{FAE04EC0-301F-11D3-BF4B-00C04F79EFBC}") = "MinMax", "MinMax.csproj", "{654A194F-792E-45B5-8375-7E790F67810B}"
EndProject
Global
	GlobalSection(SolutionConfigurationPlatforms) = preSolution
		Debug|Any CPU = Debug|Any CPU
		Release|Any CPU = Release|Any CPU
	EndGlobalSection
	GlobalSection(ProjectConfigurationPlatforms) = postSolution
		{654A194F-792E-45B5-8375-7E790F67810B}.Debug|Any CPU.ActiveCfg = Debug|Any CPU
		{654A194F-792E-45B5-8375-7E790F67810B}.Debug|Any CPU.Build.0 = Debug|Any CPU
		{654A194F-792E-45B5-8375-7E790F67810B}.Release|Any CPU.ActiveCfg = Release|Any CPU
		{654A194F-792E-45B5-8375-7E790F67810B}.Release|Any CPU.Build.0 = Release|Any CPU
	EndGlobalSection
	GlobalSection(SolutionProperties) = preSolution
		HideSolutionNode = FALSE
	EndGlobalSection
	GlobalSection(ExtensibilityGlobals) = postSolution
		SolutionGuid = {55ECDCC9-8E7A-463F-AEB8-CAA2AF49A998}
	EndGlobalSection
EndGlobal
